
Microsoft Visual Studio Solution File, Format Version 12.00
# Visual Studio 15
VisualStudioVersion = 15.0.28010.2003
MinimumVisualStudioVersion = 10.0.40219.1
Project("{FAE04EC0-301F-11D3-BF4B-00C04F79EFBC}") = "BusinessRegister.Api", "BusinessRegister.Api\BusinessRegister.Api.csproj", "{356F52C5-4C73-4DAD-AC54-50F03C0E29DC}"
EndProject
Project("{FAE04EC0-301F-11D3-BF4B-00C04F79EFBC}") = "BusinessRegister.Dal", "BusinessRegister.Dal\BusinessRegister.Dal.csproj", "{A1826B27-5227-4195-B64E-0C6E750C4058}"
EndProject
Global
	GlobalSection(SolutionConfigurationPlatforms) = preSolution
		Debug|Any CPU = Debug|Any CPU
		Release|Any CPU = Release|Any CPU
	EndGlobalSection
	GlobalSection(ProjectConfigurationPlatforms) = postSolution
		{356F52C5-4C73-4DAD-AC54-50F03C0E29DC}.Debug|Any CPU.ActiveCfg = Debug|Any CPU
		{356F52C5-4C73-4DAD-AC54-50F03C0E29DC}.Debug|Any CPU.Build.0 = Debug|Any CPU
		{356F52C5-4C73-4DAD-AC54-50F03C0E29DC}.Release|Any CPU.ActiveCfg = Release|Any CPU
		{356F52C5-4C73-4DAD-AC54-50F03C0E29DC}.Release|Any CPU.Build.0 = Release|Any CPU
		{A1826B27-5227-4195-B64E-0C6E750C4058}.Debug|Any CPU.ActiveCfg = Debug|Any CPU
		{A1826B27-5227-4195-B64E-0C6E750C4058}.Debug|Any CPU.Build.0 = Debug|Any CPU
		{A1826B27-5227-4195-B64E-0C6E750C4058}.Release|Any CPU.ActiveCfg = Release|Any CPU
		{A1826B27-5227-4195-B64E-0C6E750C4058}.Release|Any CPU.Build.0 = Release|Any CPU
	EndGlobalSection
	GlobalSection(SolutionProperties) = preSolution
		HideSolutionNode = FALSE
	EndGlobalSection
	GlobalSection(ExtensibilityGlobals) = postSolution
		SolutionGuid = {182C0E68-2097-4FD0-B840-023CB58676EF}
	EndGlobalSection
EndGlobal
